<?xml version="1.0" encoding="utf-8"?>
<Project ToolsVersion="4.0" xmlns="http://schemas.microsoft.com/developer/msbuild/2003">
  <ItemGroup>
    <Filter Include="源文件">
      <UniqueIdentifier>{4FC737F1-C7A5-4376-A066-2A32D752A2FF}</UniqueIdentifier>
      <Extensions>cpp;c;cc;cxx;def;odl;idl;hpj;bat;asm;asmx</Extensions>
    </Filter>
    <Filter Include="头文件">
      <UniqueIdentifier>{93995380-89BD-4b04-88EB-625FBE52EBFB}</UniqueIdentifier>
      <Extensions>h;hh;hpp;hxx;hm;inl;inc;xsd</Extensions>
    </Filter>
  </ItemGroup>
  <ItemGroup>
    <ClCompile Include="main.cpp">
      <Filter>源文件</Filter>
    </ClCompile>
    <ClCompile Include="RegularExpression.cpp">
      <Filter>源文件</Filter>
    </ClCompile>
    <ClCompile Include="RegularExpressionConverter.cpp">
      <Filter>源文件</Filter>
    </ClCompile>
    <ClCompile Include="NFAModel.cpp">
      <Filter>源文件</Filter>
    </ClCompile>
    <ClCompile Include="DFAModel.cpp">
      <Filter>源文件</Filter>
    </ClCompile>
    <ClCompile Include="CodeToken.cpp">
      <Filter>源文件</Filter>
    </ClCompile>
    <ClCompile Include="NFAConvertHelper.cpp">
      <Filter>源文件</Filter>
    </ClCompile>
    <ClCompile Include="Lexicon.cpp">
      <Filter>源文件</Filter>
    </ClCompile>
    <ClCompile Include="Scanner.cpp">
      <Filter>源文件</Filter>
    </ClCompile>
    <ClCompile Include="errors\Error.cpp">
      <Filter>源文件</Filter>
    </ClCompile>
    <ClCompile Include="Parser.cpp">
      <Filter>源文件</Filter>
    </ClCompile>
    <ClCompile Include="Ast.cpp">
      <Filter>源文件</Filter>
    </ClCompile>
    <ClCompile Include="Env.cpp">
      <Filter>源文件</Filter>
    </ClCompile>
    <ClCompile Include="AstVisitor.cpp">
      <Filter>源文件</Filter>
    </ClCompile>
    <ClCompile Include="Type.cpp">
      <Filter>源文件</Filter>
    </ClCompile>
    <ClCompile Include="Expr.cpp">
      <Filter>源文件</Filter>
    </ClCompile>
    <ClCompile Include="Op.cpp">
      <Filter>源文件</Filter>
    </ClCompile>
    <ClCompile Include="Logical.cpp">
      <Filter>源文件</Filter>
    </ClCompile>
  </ItemGroup>
  <ItemGroup>
    <ClInclude Include="FixedMemoryPool.h">
      <Filter>头文件</Filter>
    </ClInclude>
    <ClInclude Include="NFAModel.h">
      <Filter>头文件</Filter>
    </ClInclude>
    <ClInclude Include="RegularExpression.h">
      <Filter>头文件</Filter>
    </ClInclude>
    <ClInclude Include="RegularExpressionConverter.h">
      <Filter>头文件</Filter>
    </ClInclude>
    <ClInclude Include="CodeToken.h">
      <Filter>头文件</Filter>
    </ClInclude>
    <ClInclude Include="Ast.h">
      <Filter>头文件</Filter>
    </ClInclude>
    <ClInclude Include="DFAModel.h">
      <Filter>头文件</Filter>
    </ClInclude>
    <ClInclude Include="UtilMethods.h">
      <Filter>头文件</Filter>
    </ClInclude>
    <ClInclude Include="NFAConvertHelper.h">
      <Filter>头文件</Filter>
    </ClInclude>
    <ClInclude Include="Lexicon.h">
      <Filter>头文件</Filter>
    </ClInclude>
    <ClInclude Include="Scanner.h">
      <Filter>头文件</Filter>
    </ClInclude>
    <ClInclude Include="Parser.h">
      <Filter>头文件</Filter>
    </ClInclude>
    <ClInclude Include="errors\Error.h">
      <Filter>头文件</Filter>
    </ClInclude>
    <ClInclude Include="AstVisitor.h">
      <Filter>头文件</Filter>
    </ClInclude>
    <ClInclude Include="Env.h">
      <Filter>头文件</Filter>
    </ClInclude>
    <ClInclude Include="Type.h">
      <Filter>头文件</Filter>
    </ClInclude>
    <ClInclude Include="Expr.h">
      <Filter>头文件</Filter>
    </ClInclude>
    <ClInclude Include="Op.h">
      <Filter>头文件</Filter>
    </ClInclude>
    <ClInclude Include="Logical.h">
      <Filter>头文件</Filter>
    </ClInclude>
    <ClInclude Include="IR.h">
      <Filter>头文件</Filter>
    </ClInclude>
    <ClInclude Include="IRGenerator.h">
      <Filter>头文件</Filter>
    </ClInclude>
  </ItemGroup>
</Project>